{
  "name": "wanandroid",
  "version": "1.0.0",
  "lockfileVersion": 1,
  "requires": true,
  "dependencies": {
    "@vant/weapp": {
      "version": "1.4.4",
      "resolved": "https://registry.npm.taobao.org/@vant/weapp/download/@vant/weapp-1.4.4.tgz?cache=0&sync_timestamp=1597222059321&other_urls=https%3A%2F%2Fregistry.npm.taobao.org%2F%40vant%2Fweapp%2Fdownload%2F%40vant%2Fweapp-1.4.4.tgz",
      "integrity": "sha1-wdoE+qvvQM0Pvm9RZNSoJw1FYbM="
    }
  }
}
